
Microsoft Visual Studio Solution File, Format Version 12.00
# Visual Studio Version 16
VisualStudioVersion = 16.0.29509.3
MinimumVisualStudioVersion = 10.0.40219.1
Project("{9A19103F-16F7-4668-BE54-9A1E7A4F7556}") = "TodoApi", "api\TodoApi.csproj", "{4AA5D6F6-CB7E-4F60-BE19-3C3D9FF332E1}"
EndProject
Global
	GlobalSection(SolutionConfigurationPlatforms) = preSolution
		Debug|Any CPU = Debug|Any CPU
		Release|Any CPU = Release|Any CPU
	EndGlobalSection
	GlobalSection(ProjectConfigurationPlatforms) = postSolution
		{4AA5D6F6-CB7E-4F60-BE19-3C3D9FF332E1}.Debug|Any CPU.ActiveCfg = Debug|Any CPU
		{4AA5D6F6-CB7E-4F60-BE19-3C3D9FF332E1}.Debug|Any CPU.Build.0 = Debug|Any CPU
		{4AA5D6F6-CB7E-4F60-BE19-3C3D9FF332E1}.Release|Any CPU.ActiveCfg = Release|Any CPU
		{4AA5D6F6-CB7E-4F60-BE19-3C3D9FF332E1}.Release|Any CPU.Build.0 = Release|Any CPU
	EndGlobalSection
	GlobalSection(SolutionProperties) = preSolution
		HideSolutionNode = FALSE
	EndGlobalSection
	GlobalSection(ExtensibilityGlobals) = postSolution
		SolutionGuid = {52055E15-5FFE-456E-B4CE-C9A34033DFF8}
	EndGlobalSection
EndGlobal
